
Microsoft Visual Studio Solution File, Format Version 12.00
# Visual Studio Version 16
VisualStudioVersion = 16.0.29403.142
MinimumVisualStudioVersion = 10.0.40219.1
Project("{8BC9CEB8-8B4A-11D0-8D11-00A0C91BC942}") = "Zadacha13", "Zadacha13.vcxproj", "{D09E4BC3-2301-407B-B1DE-B1AA84620C98}"
EndProject
Global
	GlobalSection(SolutionConfigurationPlatforms) = preSolution
		Debug|x64 = Debug|x64
		Debug|x86 = Debug|x86
		Release|x64 = Release|x64
		Release|x86 = Release|x86
	EndGlobalSection
	GlobalSection(ProjectConfigurationPlatforms) = postSolution
		{D09E4BC3-2301-407B-B1DE-B1AA84620C98}.Debug|x64.ActiveCfg = Debug|x64
		{D09E4BC3-2301-407B-B1DE-B1AA84620C98}.Debug|x64.Build.0 = Debug|x64
		{D09E4BC3-2301-407B-B1DE-B1AA84620C98}.Debug|x86.ActiveCfg = Debug|Win32
		{D09E4BC3-2301-407B-B1DE-B1AA84620C98}.Debug|x86.Build.0 = Debug|Win32
		{D09E4BC3-2301-407B-B1DE-B1AA84620C98}.Release|x64.ActiveCfg = Release|x64
		{D09E4BC3-2301-407B-B1DE-B1AA84620C98}.Release|x64.Build.0 = Release|x64
		{D09E4BC3-2301-407B-B1DE-B1AA84620C98}.Release|x86.ActiveCfg = Release|Win32
		{D09E4BC3-2301-407B-B1DE-B1AA84620C98}.Release|x86.Build.0 = Release|Win32
	EndGlobalSection
	GlobalSection(SolutionProperties) = preSolution
		HideSolutionNode = FALSE
	EndGlobalSection
	GlobalSection(ExtensibilityGlobals) = postSolution
		SolutionGuid = {99FEC5FD-9EF0-4371-9F4C-CCACDD706DD3}
	EndGlobalSection
EndGlobal
