
Microsoft Visual Studio Solution File, Format Version 12.00
# Visual Studio Version 16
VisualStudioVersion = 16.0.29403.142
MinimumVisualStudioVersion = 10.0.40219.1
Project("{8BC9CEB8-8B4A-11D0-8D11-00A0C91BC942}") = "zadacha4", "zadacha4.vcxproj", "{EEBAD432-20F3-40FF-A35C-125D4A8FF7DA}"
EndProject
Global
	GlobalSection(SolutionConfigurationPlatforms) = preSolution
		Debug|x64 = Debug|x64
		Debug|x86 = Debug|x86
		Release|x64 = Release|x64
		Release|x86 = Release|x86
	EndGlobalSection
	GlobalSection(ProjectConfigurationPlatforms) = postSolution
		{EEBAD432-20F3-40FF-A35C-125D4A8FF7DA}.Debug|x64.ActiveCfg = Debug|x64
		{EEBAD432-20F3-40FF-A35C-125D4A8FF7DA}.Debug|x64.Build.0 = Debug|x64
		{EEBAD432-20F3-40FF-A35C-125D4A8FF7DA}.Debug|x86.ActiveCfg = Debug|Win32
		{EEBAD432-20F3-40FF-A35C-125D4A8FF7DA}.Debug|x86.Build.0 = Debug|Win32
		{EEBAD432-20F3-40FF-A35C-125D4A8FF7DA}.Release|x64.ActiveCfg = Release|x64
		{EEBAD432-20F3-40FF-A35C-125D4A8FF7DA}.Release|x64.Build.0 = Release|x64
		{EEBAD432-20F3-40FF-A35C-125D4A8FF7DA}.Release|x86.ActiveCfg = Release|Win32
		{EEBAD432-20F3-40FF-A35C-125D4A8FF7DA}.Release|x86.Build.0 = Release|Win32
	EndGlobalSection
	GlobalSection(SolutionProperties) = preSolution
		HideSolutionNode = FALSE
	EndGlobalSection
	GlobalSection(ExtensibilityGlobals) = postSolution
		SolutionGuid = {44B00222-ECC7-48BE-BF2D-173BD3CA915F}
	EndGlobalSection
EndGlobal
